{
  "name": "cc.awk",
  "lockfileVersion": 3,
  "requires": true,
  "packages": {
    "": {
      "devDependencies": {
        "prettier": "^2.8.8",
        "prettier-plugin-awk": "file:../prettier-plugin-awk"
      }
    },
    "../prettier-plugin-awk": {
      "version": "0.3.1",
      "dev": true,
      "license": "MIT",
      "dependencies": {
        "prettier": "2.5.1",
        "tree-sitter": "0.21.1",
        "tree-sitter-awk": "0.7.2"
      },
      "devDependencies": {
        "@types/node": "17.0.0",
        "@types/prettier": "2.4.2",
        "mocha": "9.2.0",
        "typescript": "4.5.4"
      }
    },
    "node_modules/prettier": {
      "version": "2.8.8",
      "resolved": "https://registry.npmjs.org/prettier/-/prettier-2.8.8.tgz",
      "integrity": "sha512-tdN8qQGvNjw4CHbY+XXk0JgCXn9QiF21a55rBe5LJAU+kDyC4WQn4+awm2Xfk2lQMk5fKup9XgzTZtGkjBdP9Q==",
      "dev": true,
      "license": "MIT",
      "bin": {
        "prettier": "bin-prettier.js"
      },
      "engines": {
        "node": ">=10.13.0"
      },
      "funding": {
        "url": "https://github.com/prettier/prettier?sponsor=1"
      }
    },
    "node_modules/prettier-plugin-awk": {
      "resolved": "../prettier-plugin-awk",
      "link": true
    }
  }
}
